
Microsoft Visual Studio Solution File, Format Version 12.00
# Visual Studio 15
VisualStudioVersion = 15.0.26228.4
MinimumVisualStudioVersion = 10.0.40219.1
Project("{FAE04EC0-301F-11D3-BF4B-00C04F79EFBC}") = "PacketMessaging", "PacketMessaging\PacketMessaging.csproj", "{AB1B2422-3B0A-4E7A-815E-50CDDF2C0C51}"
EndProject
Project("{FAE04EC0-301F-11D3-BF4B-00C04F79EFBC}") = "FormControlBase", "FormControlBase\FormControlBase.csproj", "{4DD3B526-5CC4-4EC5-982F-B910A166BBEC}"
EndProject
Project("{FAE04EC0-301F-11D3-BF4B-00C04F79EFBC}") = "ToggleButtonGroupControl", "ToggleButtonGroupControl\ToggleButtonGroupControl.csproj", "{7DF8B2F3-22E6-46B8-AB34-77B50BA2307E}"
EndProject
Project("{FAE04EC0-301F-11D3-BF4B-00C04F79EFBC}") = "CityScanFormControl", "CityScanFormControl\CityScanFormControl.csproj", "{0D5F7195-B0C6-4B11-8A86-8F429BBE186D}"
EndProject
Project("{FAE04EC0-301F-11D3-BF4B-00C04F79EFBC}") = "EOCLogisticsFormControl", "EOCLogisticsFormControl\EOCLogisticsFormControl.csproj", "{A58FDA92-65D0-4D17-A583-E06402698796}"
EndProject
Project("{FAE04EC0-301F-11D3-BF4B-00C04F79EFBC}") = "ICS213FormControl", "ICS213FormControl\ICS213FormControl.csproj", "{14D17123-F4DA-49CE-9707-480D7C71C543}"
EndProject
Project("{FAE04EC0-301F-11D3-BF4B-00C04F79EFBC}") = "MessageFormControl", "MessageFormControl\MessageFormControl.csproj", "{03845F9E-F25A-4E0B-BD71-41EB0A66F4E1}"
EndProject
Project("{FAE04EC0-301F-11D3-BF4B-00C04F79EFBC}") = "UnitTestPacketMessaging", "UnitTestPacketMessaging\UnitTestPacketMessaging.csproj", "{5E7E6381-6ACB-43FA-9122-2FAB44225A94}"
	ProjectSection(ProjectDependencies) = postProject
		{14D17123-F4DA-49CE-9707-480D7C71C543} = {14D17123-F4DA-49CE-9707-480D7C71C543}
		{4DD3B526-5CC4-4EC5-982F-B910A166BBEC} = {4DD3B526-5CC4-4EC5-982F-B910A166BBEC}
		{A58FDA92-65D0-4D17-A583-E06402698796} = {A58FDA92-65D0-4D17-A583-E06402698796}
		{0D5F7195-B0C6-4B11-8A86-8F429BBE186D} = {0D5F7195-B0C6-4B11-8A86-8F429BBE186D}
		{03845F9E-F25A-4E0B-BD71-41EB0A66F4E1} = {03845F9E-F25A-4E0B-BD71-41EB0A66F4E1}
		{7DF8B2F3-22E6-46B8-AB34-77B50BA2307E} = {7DF8B2F3-22E6-46B8-AB34-77B50BA2307E}
	EndProjectSection
EndProject
Global
	GlobalSection(SolutionConfigurationPlatforms) = preSolution
		Debug|Any CPU = Debug|Any CPU
		Debug|ARM = Debug|ARM
		Debug|x64 = Debug|x64
		Debug|x86 = Debug|x86
		Release|Any CPU = Release|Any CPU
		Release|ARM = Release|ARM
		Release|x64 = Release|x64
		Release|x86 = Release|x86
	EndGlobalSection
	GlobalSection(ProjectConfigurationPlatforms) = postSolution
		{AB1B2422-3B0A-4E7A-815E-50CDDF2C0C51}.Debug|Any CPU.ActiveCfg = Debug|x86
		{AB1B2422-3B0A-4E7A-815E-50CDDF2C0C51}.Debug|Any CPU.Deploy.0 = Debug|x86
		{AB1B2422-3B0A-4E7A-815E-50CDDF2C0C51}.Debug|ARM.ActiveCfg = Debug|ARM
		{AB1B2422-3B0A-4E7A-815E-50CDDF2C0C51}.Debug|ARM.Build.0 = Debug|ARM
		{AB1B2422-3B0A-4E7A-815E-50CDDF2C0C51}.Debug|ARM.Deploy.0 = Debug|ARM
		{AB1B2422-3B0A-4E7A-815E-50CDDF2C0C51}.Debug|x64.ActiveCfg = Debug|x64
		{AB1B2422-3B0A-4E7A-815E-50CDDF2C0C51}.Debug|x64.Build.0 = Debug|x64
		{AB1B2422-3B0A-4E7A-815E-50CDDF2C0C51}.Debug|x64.Deploy.0 = Debug|x64
		{AB1B2422-3B0A-4E7A-815E-50CDDF2C0C51}.Debug|x86.ActiveCfg = Debug|x86
		{AB1B2422-3B0A-4E7A-815E-50CDDF2C0C51}.Debug|x86.Build.0 = Debug|x86
		{AB1B2422-3B0A-4E7A-815E-50CDDF2C0C51}.Debug|x86.Deploy.0 = Debug|x86
		{AB1B2422-3B0A-4E7A-815E-50CDDF2C0C51}.Release|Any CPU.ActiveCfg = Release|x86
		{AB1B2422-3B0A-4E7A-815E-50CDDF2C0C51}.Release|ARM.ActiveCfg = Release|ARM
		{AB1B2422-3B0A-4E7A-815E-50CDDF2C0C51}.Release|ARM.Build.0 = Release|ARM
		{AB1B2422-3B0A-4E7A-815E-50CDDF2C0C51}.Release|ARM.Deploy.0 = Release|ARM
		{AB1B2422-3B0A-4E7A-815E-50CDDF2C0C51}.Release|x64.ActiveCfg = Release|x64
		{AB1B2422-3B0A-4E7A-815E-50CDDF2C0C51}.Release|x64.Build.0 = Release|x64
		{AB1B2422-3B0A-4E7A-815E-50CDDF2C0C51}.Release|x64.Deploy.0 = Release|x64
		{AB1B2422-3B0A-4E7A-815E-50CDDF2C0C51}.Release|x86.ActiveCfg = Release|x86
		{AB1B2422-3B0A-4E7A-815E-50CDDF2C0C51}.Release|x86.Build.0 = Release|x86
		{AB1B2422-3B0A-4E7A-815E-50CDDF2C0C51}.Release|x86.Deploy.0 = Release|x86
		{4DD3B526-5CC4-4EC5-982F-B910A166BBEC}.Debug|Any CPU.ActiveCfg = Debug|Any CPU
		{4DD3B526-5CC4-4EC5-982F-B910A166BBEC}.Debug|Any CPU.Build.0 = Debug|Any CPU
		{4DD3B526-5CC4-4EC5-982F-B910A166BBEC}.Debug|ARM.ActiveCfg = Debug|ARM
		{4DD3B526-5CC4-4EC5-982F-B910A166BBEC}.Debug|ARM.Build.0 = Debug|ARM
		{4DD3B526-5CC4-4EC5-982F-B910A166BBEC}.Debug|x64.ActiveCfg = Debug|x64
		{4DD3B526-5CC4-4EC5-982F-B910A166BBEC}.Debug|x64.Build.0 = Debug|x64
		{4DD3B526-5CC4-4EC5-982F-B910A166BBEC}.Debug|x86.ActiveCfg = Debug|x86
		{4DD3B526-5CC4-4EC5-982F-B910A166BBEC}.Debug|x86.Build.0 = Debug|x86
		{4DD3B526-5CC4-4EC5-982F-B910A166BBEC}.Release|Any CPU.ActiveCfg = Release|Any CPU
		{4DD3B526-5CC4-4EC5-982F-B910A166BBEC}.Release|Any CPU.Build.0 = Release|Any CPU
		{4DD3B526-5CC4-4EC5-982F-B910A166BBEC}.Release|ARM.ActiveCfg = Release|ARM
		{4DD3B526-5CC4-4EC5-982F-B910A166BBEC}.Release|ARM.Build.0 = Release|ARM
		{4DD3B526-5CC4-4EC5-982F-B910A166BBEC}.Release|x64.ActiveCfg = Release|x64
		{4DD3B526-5CC4-4EC5-982F-B910A166BBEC}.Release|x64.Build.0 = Release|x64
		{4DD3B526-5CC4-4EC5-982F-B910A166BBEC}.Release|x86.ActiveCfg = Release|x86
		{4DD3B526-5CC4-4EC5-982F-B910A166BBEC}.Release|x86.Build.0 = Release|x86
		{7DF8B2F3-22E6-46B8-AB34-77B50BA2307E}.Debug|Any CPU.ActiveCfg = Debug|Any CPU
		{7DF8B2F3-22E6-46B8-AB34-77B50BA2307E}.Debug|Any CPU.Build.0 = Debug|Any CPU
		{7DF8B2F3-22E6-46B8-AB34-77B50BA2307E}.Debug|ARM.ActiveCfg = Debug|ARM
		{7DF8B2F3-22E6-46B8-AB34-77B50BA2307E}.Debug|ARM.Build.0 = Debug|ARM
		{7DF8B2F3-22E6-46B8-AB34-77B50BA2307E}.Debug|x64.ActiveCfg = Debug|x64
		{7DF8B2F3-22E6-46B8-AB34-77B50BA2307E}.Debug|x64.Build.0 = Debug|x64
		{7DF8B2F3-22E6-46B8-AB34-77B50BA2307E}.Debug|x86.ActiveCfg = Debug|x86
		{7DF8B2F3-22E6-46B8-AB34-77B50BA2307E}.Debug|x86.Build.0 = Debug|x86
		{7DF8B2F3-22E6-46B8-AB34-77B50BA2307E}.Release|Any CPU.ActiveCfg = Release|Any CPU
		{7DF8B2F3-22E6-46B8-AB34-77B50BA2307E}.Release|Any CPU.Build.0 = Release|Any CPU
		{7DF8B2F3-22E6-46B8-AB34-77B50BA2307E}.Release|ARM.ActiveCfg = Release|ARM
		{7DF8B2F3-22E6-46B8-AB34-77B50BA2307E}.Release|ARM.Build.0 = Release|ARM
		{7DF8B2F3-22E6-46B8-AB34-77B50BA2307E}.Release|x64.ActiveCfg = Release|x64
		{7DF8B2F3-22E6-46B8-AB34-77B50BA2307E}.Release|x64.Build.0 = Release|x64
		{7DF8B2F3-22E6-46B8-AB34-77B50BA2307E}.Release|x86.ActiveCfg = Release|x86
		{7DF8B2F3-22E6-46B8-AB34-77B50BA2307E}.Release|x86.Build.0 = Release|x86
		{0D5F7195-B0C6-4B11-8A86-8F429BBE186D}.Debug|Any CPU.ActiveCfg = Debug|Any CPU
		{0D5F7195-B0C6-4B11-8A86-8F429BBE186D}.Debug|Any CPU.Build.0 = Debug|Any CPU
		{0D5F7195-B0C6-4B11-8A86-8F429BBE186D}.Debug|ARM.ActiveCfg = Debug|ARM
		{0D5F7195-B0C6-4B11-8A86-8F429BBE186D}.Debug|ARM.Build.0 = Debug|ARM
		{0D5F7195-B0C6-4B11-8A86-8F429BBE186D}.Debug|x64.ActiveCfg = Debug|x64
		{0D5F7195-B0C6-4B11-8A86-8F429BBE186D}.Debug|x64.Build.0 = Debug|x64
		{0D5F7195-B0C6-4B11-8A86-8F429BBE186D}.Debug|x86.ActiveCfg = Debug|x86
		{0D5F7195-B0C6-4B11-8A86-8F429BBE186D}.Debug|x86.Build.0 = Debug|x86
		{0D5F7195-B0C6-4B11-8A86-8F429BBE186D}.Release|Any CPU.ActiveCfg = Release|Any CPU
		{0D5F7195-B0C6-4B11-8A86-8F429BBE186D}.Release|Any CPU.Build.0 = Release|Any CPU
		{0D5F7195-B0C6-4B11-8A86-8F429BBE186D}.Release|ARM.ActiveCfg = Release|ARM
		{0D5F7195-B0C6-4B11-8A86-8F429BBE186D}.Release|ARM.Build.0 = Release|ARM
		{0D5F7195-B0C6-4B11-8A86-8F429BBE186D}.Release|x64.ActiveCfg = Release|x64
		{0D5F7195-B0C6-4B11-8A86-8F429BBE186D}.Release|x64.Build.0 = Release|x64
		{0D5F7195-B0C6-4B11-8A86-8F429BBE186D}.Release|x86.ActiveCfg = Release|x86
		{0D5F7195-B0C6-4B11-8A86-8F429BBE186D}.Release|x86.Build.0 = Release|x86
		{A58FDA92-65D0-4D17-A583-E06402698796}.Debug|Any CPU.ActiveCfg = Debug|Any CPU
		{A58FDA92-65D0-4D17-A583-E06402698796}.Debug|Any CPU.Build.0 = Debug|Any CPU
		{A58FDA92-65D0-4D17-A583-E06402698796}.Debug|ARM.ActiveCfg = Debug|ARM
		{A58FDA92-65D0-4D17-A583-E06402698796}.Debug|ARM.Build.0 = Debug|ARM
		{A58FDA92-65D0-4D17-A583-E06402698796}.Debug|x64.ActiveCfg = Debug|x64
		{A58FDA92-65D0-4D17-A583-E06402698796}.Debug|x64.Build.0 = Debug|x64
		{A58FDA92-65D0-4D17-A583-E06402698796}.Debug|x86.ActiveCfg = Debug|x86
		{A58FDA92-65D0-4D17-A583-E06402698796}.Debug|x86.Build.0 = Debug|x86
		{A58FDA92-65D0-4D17-A583-E06402698796}.Release|Any CPU.ActiveCfg = Release|Any CPU
		{A58FDA92-65D0-4D17-A583-E06402698796}.Release|Any CPU.Build.0 = Release|Any CPU
		{A58FDA92-65D0-4D17-A583-E06402698796}.Release|ARM.ActiveCfg = Release|ARM
		{A58FDA92-65D0-4D17-A583-E06402698796}.Release|ARM.Build.0 = Release|ARM
		{A58FDA92-65D0-4D17-A583-E06402698796}.Release|x64.ActiveCfg = Release|x64
		{A58FDA92-65D0-4D17-A583-E06402698796}.Release|x64.Build.0 = Release|x64
		{A58FDA92-65D0-4D17-A583-E06402698796}.Release|x86.ActiveCfg = Release|x86
		{A58FDA92-65D0-4D17-A583-E06402698796}.Release|x86.Build.0 = Release|x86
		{14D17123-F4DA-49CE-9707-480D7C71C543}.Debug|Any CPU.ActiveCfg = Debug|Any CPU
		{14D17123-F4DA-49CE-9707-480D7C71C543}.Debug|Any CPU.Build.0 = Debug|Any CPU
		{14D17123-F4DA-49CE-9707-480D7C71C543}.Debug|ARM.ActiveCfg = Debug|ARM
		{14D17123-F4DA-49CE-9707-480D7C71C543}.Debug|ARM.Build.0 = Debug|ARM
		{14D17123-F4DA-49CE-9707-480D7C71C543}.Debug|x64.ActiveCfg = Debug|x64
		{14D17123-F4DA-49CE-9707-480D7C71C543}.Debug|x64.Build.0 = Debug|x64
		{14D17123-F4DA-49CE-9707-480D7C71C543}.Debug|x86.ActiveCfg = Debug|x86
		{14D17123-F4DA-49CE-9707-480D7C71C543}.Debug|x86.Build.0 = Debug|x86
		{14D17123-F4DA-49CE-9707-480D7C71C543}.Release|Any CPU.ActiveCfg = Release|Any CPU
		{14D17123-F4DA-49CE-9707-480D7C71C543}.Release|Any CPU.Build.0 = Release|Any CPU
		{14D17123-F4DA-49CE-9707-480D7C71C543}.Release|ARM.ActiveCfg = Release|ARM
		{14D17123-F4DA-49CE-9707-480D7C71C543}.Release|ARM.Build.0 = Release|ARM
		{14D17123-F4DA-49CE-9707-480D7C71C543}.Release|x64.ActiveCfg = Release|x64
		{14D17123-F4DA-49CE-9707-480D7C71C543}.Release|x64.Build.0 = Release|x64
		{14D17123-F4DA-49CE-9707-480D7C71C543}.Release|x86.ActiveCfg = Release|x86
		{14D17123-F4DA-49CE-9707-480D7C71C543}.Release|x86.Build.0 = Release|x86
		{03845F9E-F25A-4E0B-BD71-41EB0A66F4E1}.Debug|Any CPU.ActiveCfg = Debug|Any CPU
		{03845F9E-F25A-4E0B-BD71-41EB0A66F4E1}.Debug|Any CPU.Build.0 = Debug|Any CPU
		{03845F9E-F25A-4E0B-BD71-41EB0A66F4E1}.Debug|ARM.ActiveCfg = Debug|ARM
		{03845F9E-F25A-4E0B-BD71-41EB0A66F4E1}.Debug|ARM.Build.0 = Debug|ARM
		{03845F9E-F25A-4E0B-BD71-41EB0A66F4E1}.Debug|x64.ActiveCfg = Debug|x64
		{03845F9E-F25A-4E0B-BD71-41EB0A66F4E1}.Debug|x64.Build.0 = Debug|x64
		{03845F9E-F25A-4E0B-BD71-41EB0A66F4E1}.Debug|x86.ActiveCfg = Debug|x86
		{03845F9E-F25A-4E0B-BD71-41EB0A66F4E1}.Debug|x86.Build.0 = Debug|x86
		{03845F9E-F25A-4E0B-BD71-41EB0A66F4E1}.Release|Any CPU.ActiveCfg = Release|Any CPU
		{03845F9E-F25A-4E0B-BD71-41EB0A66F4E1}.Release|Any CPU.Build.0 = Release|Any CPU
		{03845F9E-F25A-4E0B-BD71-41EB0A66F4E1}.Release|ARM.ActiveCfg = Release|ARM
		{03845F9E-F25A-4E0B-BD71-41EB0A66F4E1}.Release|ARM.Build.0 = Release|ARM
		{03845F9E-F25A-4E0B-BD71-41EB0A66F4E1}.Release|x64.ActiveCfg = Release|x64
		{03845F9E-F25A-4E0B-BD71-41EB0A66F4E1}.Release|x64.Build.0 = Release|x64
		{03845F9E-F25A-4E0B-BD71-41EB0A66F4E1}.Release|x86.ActiveCfg = Release|x86
		{03845F9E-F25A-4E0B-BD71-41EB0A66F4E1}.Release|x86.Build.0 = Release|x86
		{5E7E6381-6ACB-43FA-9122-2FAB44225A94}.Debug|Any CPU.ActiveCfg = Debug|x86
		{5E7E6381-6ACB-43FA-9122-2FAB44225A94}.Debug|ARM.ActiveCfg = Debug|ARM
		{5E7E6381-6ACB-43FA-9122-2FAB44225A94}.Debug|ARM.Build.0 = Debug|ARM
		{5E7E6381-6ACB-43FA-9122-2FAB44225A94}.Debug|ARM.Deploy.0 = Debug|ARM
		{5E7E6381-6ACB-43FA-9122-2FAB44225A94}.Debug|x64.ActiveCfg = Debug|x64
		{5E7E6381-6ACB-43FA-9122-2FAB44225A94}.Debug|x64.Build.0 = Debug|x64
		{5E7E6381-6ACB-43FA-9122-2FAB44225A94}.Debug|x64.Deploy.0 = Debug|x64
		{5E7E6381-6ACB-43FA-9122-2FAB44225A94}.Debug|x86.ActiveCfg = Debug|x86
		{5E7E6381-6ACB-43FA-9122-2FAB44225A94}.Debug|x86.Build.0 = Debug|x86
		{5E7E6381-6ACB-43FA-9122-2FAB44225A94}.Debug|x86.Deploy.0 = Debug|x86
		{5E7E6381-6ACB-43FA-9122-2FAB44225A94}.Release|Any CPU.ActiveCfg = Release|x86
		{5E7E6381-6ACB-43FA-9122-2FAB44225A94}.Release|ARM.ActiveCfg = Release|ARM
		{5E7E6381-6ACB-43FA-9122-2FAB44225A94}.Release|ARM.Build.0 = Release|ARM
		{5E7E6381-6ACB-43FA-9122-2FAB44225A94}.Release|ARM.Deploy.0 = Release|ARM
		{5E7E6381-6ACB-43FA-9122-2FAB44225A94}.Release|x64.ActiveCfg = Release|x64
		{5E7E6381-6ACB-43FA-9122-2FAB44225A94}.Release|x64.Build.0 = Release|x64
		{5E7E6381-6ACB-43FA-9122-2FAB44225A94}.Release|x64.Deploy.0 = Release|x64
		{5E7E6381-6ACB-43FA-9122-2FAB44225A94}.Release|x86.ActiveCfg = Release|x86
		{5E7E6381-6ACB-43FA-9122-2FAB44225A94}.Release|x86.Build.0 = Release|x86
		{5E7E6381-6ACB-43FA-9122-2FAB44225A94}.Release|x86.Deploy.0 = Release|x86
	EndGlobalSection
	GlobalSection(SolutionProperties) = preSolution
		HideSolutionNode = FALSE
	EndGlobalSection
	GlobalSection(TeamFoundationVersionControl) = preSolution
		SccNumberOfProjects = 9
		SccEnterpriseProvider = {4CA58AB2-18FA-4F8D-95D4-32DDF27D184C}
		SccTeamFoundationServer = https://hansenca.visualstudio.com/
		SccLocalPath0 = .
		SccProjectUniqueName1 = PacketMessaging\\PacketMessaging.csproj
		SccProjectName1 = PacketMessaging
		SccLocalPath1 = PacketMessaging
		SccProjectUniqueName2 = FormControlBase\\FormControlBase.csproj
		SccProjectName2 = FormControlBase
		SccLocalPath2 = FormControlBase
		SccProjectUniqueName3 = ToggleButtonGroupControl\\ToggleButtonGroupControl.csproj
		SccProjectName3 = ToggleButtonGroupControl
		SccLocalPath3 = ToggleButtonGroupControl
		SccProjectUniqueName4 = CityScanFormControl\\CityScanFormControl.csproj
		SccProjectName4 = CityScanFormControl
		SccLocalPath4 = CityScanFormControl
		SccProjectUniqueName5 = EOCLogisticsFormControl\\EOCLogisticsFormControl.csproj
		SccProjectName5 = EOCLogisticsFormControl
		SccLocalPath5 = EOCLogisticsFormControl
		SccProjectUniqueName6 = ICS213FormControl\\ICS213FormControl.csproj
		SccProjectName6 = ICS213FormControl
		SccLocalPath6 = ICS213FormControl
		SccProjectUniqueName7 = MessageFormControl\\MessageFormControl.csproj
		SccProjectName7 = MessageFormControl
		SccLocalPath7 = MessageFormControl
		SccProjectUniqueName8 = UnitTestPacketMessaging\\UnitTestPacketMessaging.csproj
		SccProjectName8 = UnitTestPacketMessaging
		SccLocalPath8 = UnitTestPacketMessaging
	EndGlobalSection
EndGlobal
